
Microsoft Visual Studio Solution File, Format Version 12.00
# Visual Studio Version 17
VisualStudioVersion = 17.4.33213.308
MinimumVisualStudioVersion = 10.0.40219.1
Project("{FAE04EC0-301F-11D3-BF4B-00C04F79EFBC}") = "RailRise Express", "RailRise Express\RailRise Express.csproj", "{6ADB5D3A-61C7-42FA-9187-33F7726E0746}"
EndProject
Global
	GlobalSection(SolutionConfigurationPlatforms) = preSolution
		Debug|Any CPU = Debug|Any CPU
		Release|Any CPU = Release|Any CPU
	EndGlobalSection
	GlobalSection(ProjectConfigurationPlatforms) = postSolution
		{6ADB5D3A-61C7-42FA-9187-33F7726E0746}.Debug|Any CPU.ActiveCfg = Debug|Any CPU
		{6ADB5D3A-61C7-42FA-9187-33F7726E0746}.Debug|Any CPU.Build.0 = Debug|Any CPU
		{6ADB5D3A-61C7-42FA-9187-33F7726E0746}.Release|Any CPU.ActiveCfg = Release|Any CPU
		{6ADB5D3A-61C7-42FA-9187-33F7726E0746}.Release|Any CPU.Build.0 = Release|Any CPU
	EndGlobalSection
	GlobalSection(SolutionProperties) = preSolution
		HideSolutionNode = FALSE
	EndGlobalSection
	GlobalSection(ExtensibilityGlobals) = postSolution
		SolutionGuid = {43CA08C5-B7FA-461D-A1D7-6DB7FE0EDEB9}
	EndGlobalSection
EndGlobal
